
Microsoft Visual Studio Solution File, Format Version 12.00
# Visual Studio Version 16
VisualStudioVersion = 16.0.33130.400
MinimumVisualStudioVersion = 10.0.40219.1
Project("{FAE04EC0-301F-11D3-BF4B-00C04F79EFBC}") = "ppo", "ppo.csproj", "{567F03A8-5A65-4AAE-8171-C153C07CC425}"
EndProject
Project("{FAE04EC0-301F-11D3-BF4B-00C04F79EFBC}") = "ConsoleApp2", "..\ConsoleApp2\ConsoleApp2.csproj", "{28056771-5538-4C9F-A2BA-CEB42FA66013}"
EndProject
Global
	GlobalSection(SolutionConfigurationPlatforms) = preSolution
		Debug|Any CPU = Debug|Any CPU
		Release|Any CPU = Release|Any CPU
	EndGlobalSection
	GlobalSection(ProjectConfigurationPlatforms) = postSolution
		{567F03A8-5A65-4AAE-8171-C153C07CC425}.Debug|Any CPU.ActiveCfg = Debug|Any CPU
		{567F03A8-5A65-4AAE-8171-C153C07CC425}.Debug|Any CPU.Build.0 = Debug|Any CPU
		{567F03A8-5A65-4AAE-8171-C153C07CC425}.Release|Any CPU.ActiveCfg = Release|Any CPU
		{567F03A8-5A65-4AAE-8171-C153C07CC425}.Release|Any CPU.Build.0 = Release|Any CPU
		{28056771-5538-4C9F-A2BA-CEB42FA66013}.Debug|Any CPU.ActiveCfg = Debug|Any CPU
		{28056771-5538-4C9F-A2BA-CEB42FA66013}.Debug|Any CPU.Build.0 = Debug|Any CPU
		{28056771-5538-4C9F-A2BA-CEB42FA66013}.Release|Any CPU.ActiveCfg = Release|Any CPU
		{28056771-5538-4C9F-A2BA-CEB42FA66013}.Release|Any CPU.Build.0 = Release|Any CPU
	EndGlobalSection
	GlobalSection(SolutionProperties) = preSolution
		HideSolutionNode = FALSE
	EndGlobalSection
	GlobalSection(ExtensibilityGlobals) = postSolution
		SolutionGuid = {31F4EF16-ED03-426A-86AD-41BCCB998083}
	EndGlobalSection
EndGlobal
